PODS:
  - LZTabBarController (0.0.1)

DEPENDENCIES:
  - LZTabBarController

SPEC REPOS:
  https://github.com/CocoaPods/Specs.git:
    - LZTabBarController

SPEC CHECKSUMS:
  LZTabBarController: 2cf569319761ce8f864e172f03ed78dde9ef1e8b

PODFILE CHECKSUM: c72ab9b265de9966ff81923a5478c4424b4cb0e0

COCOAPODS: 1.5.0
